// !$*UTF8*$!
{
	archiveVersion = 1;
	classes = {
	};
	objectVersion = 46;
	objects = {

/* Begin PBXBuildFile section */
		7435F50C1A0629A60010AE5B /* main.m in Sources */ = {isa = PBXBuildFile; fileRef = 7435F50B1A0629A60010AE5B /* main.m */; };
		7435F50F1A0629A60010AE5B /* AppDelegate.m in Sources */ = {isa = PBXBuildFile; fileRef = 7435F50E1A0629A60010AE5B /* AppDelegate.m */; };
		7435F5171A0629A60010AE5B /* Images.xcassets in Resources */ = {isa = PBXBuildFile; fileRef = 7435F5161A0629A60010AE5B /* Images.xcassets */; };
		7435F51A1A0629A60010AE5B /* LaunchScreen.xib in Resources */ = {isa = PBXBuildFile; fileRef = 7435F5181A0629A60010AE5B /* LaunchScreen.xib */; };
		7435F5261A0629A60010AE5B /* StoreSearchTests.m in Sources */ = {isa = PBXBuildFile; fileRef = 7435F5251A0629A60010AE5B /* StoreSearchTests.m */; };
		7435F5321A08B1D00010AE5B /* SearchViewController.m in Sources */ = {isa = PBXBuildFile; fileRef = 7435F5301A08B1D00010AE5B /* SearchViewController.m */; };
		7435F5331A08B1D00010AE5B /* SearchViewController.xib in Resources */ = {isa = PBXBuildFile; fileRef = 7435F5311A08B1D00010AE5B /* SearchViewController.xib */; };
		74EF41521A09C2600057068C /* SearchResult.m in Sources */ = {isa = PBXBuildFile; fileRef = 74EF41511A09C2600057068C /* SearchResult.m */; };
/* End PBXBuildFile section */

/* Begin PBXContainerItemProxy section */
		7435F5201A0629A60010AE5B /* PBXContainerItemProxy */ = {
			isa = PBXContainerItemProxy;
			containerPortal = 7435F4FE1A0629A60010AE5B /* Project object */;
			proxyType = 1;
			remoteGlobalIDString = 7435F5051A0629A60010AE5B;
			remoteInfo = StoreSearch;
		};
/* End PBXContainerItemProxy section */

/* Begin PBXFileReference section */
		7435F5061A0629A60010AE5B /* StoreSearch.app */ = {isa = PBXFileReference; explicitFileType = wrapper.application; includeInIndex = 0; path = StoreSearch.app; sourceTree = BUILT_PRODUCTS_DIR; };
		7435F50A1A0629A60010AE5B /* Info.plist */ = {isa = PBXFileReference; lastKnownFileType = text.plist.xml; path = Info.plist; sourceTree = "<group>"; };
		7435F50B1A0629A60010AE5B /* main.m */ = {isa = PBXFileReference; lastKnownFileType = sourcecode.c.objc; path = main.m; sourceTree = "<group>"; };
		7435F50D1A0629A60010AE5B /* AppDelegate.h */ = {isa = PBXFileReference; lastKnownFileType = sourcecode.c.h; path = AppDelegate.h; sourceTree = "<group>"; };
		7435F50E1A0629A60010AE5B /* AppDelegate.m */ = {isa = PBXFileReference; lastKnownFileType = sourcecode.c.objc; path = AppDelegate.m; sourceTree = "<group>"; };
		7435F5161A0629A60010AE5B /* Images.xcassets */ = {isa = PBXFileReference; lastKnownFileType = folder.assetcatalog; path = Images.xcassets; sourceTree = "<group>"; };
		7435F5191A0629A60010AE5B /* Base */ = {isa = PBXFileReference; lastKnownFileType = file.xib; name = Base; path = Base.lproj/LaunchScreen.xib; sourceTree = "<group>"; };
		7435F51F1A0629A60010AE5B /* StoreSearchTests.xctest */ = {isa = PBXFileReference; explicitFileType = wrapper.cfbundle; includeInIndex = 0; path = StoreSearchTests.xctest; sourceTree = BUILT_PRODUCTS_DIR; };
		7435F5241A0629A60010AE5B /* Info.plist */ = {isa = PBXFileReference; lastKnownFileType = text.plist.xml; path = Info.plist; sourceTree = "<group>"; };
		7435F5251A0629A60010AE5B /* StoreSearchTests.m */ = {isa = PBXFileReference; lastKnownFileType = sourcecode.c.objc; path = StoreSearchTests.m; sourceTree = "<group>"; };
		7435F52F1A08B1D00010AE5B /* SearchViewController.h */ = {isa = PBXFileReference; fileEncoding = 4; lastKnownFileType = sourcecode.c.h; path = SearchViewController.h; sourceTree = "<group>"; };
		7435F5301A08B1D00010AE5B /* SearchViewController.m */ = {isa = PBXFileReference; fileEncoding = 4; lastKnownFileType = sourcecode.c.objc; path = SearchViewController.m; sourceTree = "<group>"; };
		7435F5311A08B1D00010AE5B /* SearchViewController.xib */ = {isa = PBXFileReference; fileEncoding = 4; lastKnownFileType = file.xib; path = SearchViewController.xib; sourceTree = "<group>"; };
		74EF41501A09C2600057068C /* SearchResult.h */ = {isa = PBXFileReference; fileEncoding = 4; lastKnownFileType = sourcecode.c.h; path = SearchResult.h; sourceTree = "<group>"; };
		74EF41511A09C2600057068C /* SearchResult.m */ = {isa = PBXFileReference; fileEncoding = 4; lastKnownFileType = sourcecode.c.objc; path = SearchResult.m; sourceTree = "<group>"; };
/* End PBXFileReference section */

/* Begin PBXFrameworksBuildPhase section */
		7435F5031A0629A60010AE5B /* Frameworks */ = {
			isa = PBXFrameworksBuildPhase;
			buildActionMask = 2147483647;
			files = (
			);
			runOnlyForDeploymentPostprocessing = 0;
		};
		7435F51C1A0629A60010AE5B /* Frameworks */ = {
			isa = PBXFrameworksBuildPhase;
			buildActionMask = 2147483647;
			files = (
			);
			runOnlyForDeploymentPostprocessing = 0;
		};
/* End PBXFrameworksBuildPhase section */

/* Begin PBXGroup section */
		7435F4FD1A0629A60010AE5B = {
			isa = PBXGroup;
			children = (
				7435F5081A0629A60010AE5B /* StoreSearch */,
				7435F5221A0629A60010AE5B /* StoreSearchTests */,
				7435F5071A0629A60010AE5B /* Products */,
			);
			sourceTree = "<group>";
		};
		7435F5071A0629A60010AE5B /* Products */ = {
			isa = PBXGroup;
			children = (
				7435F5061A0629A60010AE5B /* StoreSearch.app */,
				7435F51F1A0629A60010AE5B /* StoreSearchTests.xctest */,
			);
			name = Products;
			sourceTree = "<group>";
		};
		7435F5081A0629A60010AE5B /* StoreSearch */ = {
			isa = PBXGroup;
			children = (
				7435F50D1A0629A60010AE5B /* AppDelegate.h */,
				7435F50E1A0629A60010AE5B /* AppDelegate.m */,
				7435F5161A0629A60010AE5B /* Images.xcassets */,
				7435F5181A0629A60010AE5B /* LaunchScreen.xib */,
				7435F5091A0629A60010AE5B /* Supporting Files */,
				7435F52F1A08B1D00010AE5B /* SearchViewController.h */,
				7435F5301A08B1D00010AE5B /* SearchViewController.m */,
				7435F5311A08B1D00010AE5B /* SearchViewController.xib */,
				74EF41501A09C2600057068C /* SearchResult.h */,
				74EF41511A09C2600057068C /* SearchResult.m */,
			);
			path = StoreSearch;
			sourceTree = "<group>";
		};
		7435F5091A0629A60010AE5B /* Supporting Files */ = {
			isa = PBXGroup;
			children = (
				7435F50A1A0629A60010AE5B /* Info.plist */,
				7435F50B1A0629A60010AE5B /* main.m */,
			);
			name = "Supporting Files";
			sourceTree = "<group>";
		};
		7435F5221A0629A60010AE5B /* StoreSearchTests */ = {
			isa = PBXGroup;
			children = (
				7435F5251A0629A60010AE5B /* StoreSearchTests.m */,
				7435F5231A0629A60010AE5B /* Supporting Files */,
			);
			path = StoreSearchTests;
			sourceTree = "<group>";
		};
		7435F5231A0629A60010AE5B /* Supporting Files */ = {
			isa = PBXGroup;
			children = (
				7435F5241A0629A60010AE5B /* Info.plist */,
			);
			name = "Supporting Files";
			sourceTree = "<group>";
		};
/* End PBXGroup section */

/* Begin PBXNativeTarget section */
		7435F5051A0629A60010AE5B /* StoreSearch */ = {
			isa = PBXNativeTarget;
			buildConfigurationList = 7435F5291A0629A60010AE5B /* Build configuration list for PBXNativeTarget "StoreSearch" */;
			buildPhases = (
				7435F5021A0629A60010AE5B /* Sources */,
				7435F5031A0629A60010AE5B /* Frameworks */,
				7435F5041A0629A60010AE5B /* Resources */,
			);
			buildRules = (
			);
			dependencies = (
			);
			name = StoreSearch;
			productName = StoreSearch;
			productReference = 7435F5061A0629A60010AE5B /* StoreSearch.app */;
			productType = "com.apple.product-type.application";
		};
		7435F51E1A0629A60010AE5B /* StoreSearchTests */ = {
			isa = PBXNativeTarget;
			buildConfigurationList = 7435F52C1A0629A60010AE5B /* Build configuration list for PBXNativeTarget "StoreSearchTests" */;
			buildPhases = (
				7435F51B1A0629A60010AE5B /* Sources */,
				7435F51C1A0629A60010AE5B /* Frameworks */,
				7435F51D1A0629A60010AE5B /* Resources */,
			);
			buildRules = (
			);
			dependencies = (
				7435F5211A0629A60010AE5B /* PBXTargetDependency */,
			);
			name = StoreSearchTests;
			productName = StoreSearchTests;
			productReference = 7435F51F1A0629A60010AE5B /* StoreSearchTests.xctest */;
			productType = "com.apple.product-type.bundle.unit-test";
		};
/* End PBXNativeTarget section */

/* Begin PBXProject section */
		7435F4FE1A0629A60010AE5B /* Project object */ = {
			isa = PBXProject;
			attributes = {
				LastUpgradeCheck = 0610;
				ORGANIZATIONNAME = zld;
				TargetAttributes = {
					7435F5051A0629A60010AE5B = {
						CreatedOnToolsVersion = 6.1;
					};
					7435F51E1A0629A60010AE5B = {
						CreatedOnToolsVersion = 6.1;
						TestTargetID = 7435F5051A0629A60010AE5B;
					};
				};
			};
			buildConfigurationList = 7435F5011A0629A60010AE5B /* Build configuration list for PBXProject "StoreSearch" */;
			compatibilityVersion = "Xcode 3.2";
			developmentRegion = English;
			hasScannedForEncodings = 0;
			knownRegions = (
				en,
				Base,
			);
			mainGroup = 7435F4FD1A0629A60010AE5B;
			productRefGroup = 7435F5071A0629A60010AE5B /* Products */;
			projectDirPath = "";
			projectRoot = "";
			targets = (
				7435F5051A0629A60010AE5B /* StoreSearch */,
				7435F51E1A0629A60010AE5B /* StoreSearchTests */,
			);
		};
/* End PBXProject section */

/* Begin PBXResourcesBuildPhase section */
		7435F5041A0629A60010AE5B /* Resources */ = {
			isa = PBXResourcesBuildPhase;
			buildActionMask = 2147483647;
			files = (
				7435F51A1A0629A60010AE5B /* LaunchScreen.xib in Resources */,
				7435F5171A0629A60010AE5B /* Images.xcassets in Resources */,
				7435F5331A08B1D00010AE5B /* SearchViewController.xib in Resources */,
			);
			runOnlyForDeploymentPostprocessing = 0;
		};
		7435F51D1A0629A60010AE5B /* Resources */ = {
			isa = PBXResourcesBuildPhase;
			buildActionMask = 2147483647;
			files = (
			);
			runOnlyForDeploymentPostprocessing = 0;
		};
/* End PBXResourcesBuildPhase section */

/* Begin PBXSourcesBuildPhase section */
		7435F5021A0629A60010AE5B /* Sources */ = {
			isa = PBXSourcesBuildPhase;
			buildActionMask = 2147483647;
			files = (
				7435F50F1A0629A60010AE5B /* AppDelegate.m in Sources */,
				7435F5321A08B1D00010AE5B /* SearchViewController.m in Sources */,
				74EF41521A09C2600057068C /* SearchResult.m in Sources */,
				7435F50C1A0629A60010AE5B /* main.m in Sources */,
			);
			runOnlyForDeploymentPostprocessing = 0;
		};
		7435F51B1A0629A60010AE5B /* Sources */ = {
			isa = PBXSourcesBuildPhase;
			buildActionMask = 2147483647;
			files = (
				7435F5261A0629A60010AE5B /* StoreSearchTests.m in Sources */,
			);
			runOnlyForDeploymentPostprocessing = 0;
		};
/* End PBXSourcesBuildPhase section */

/* Begin PBXTargetDependency section */
		7435F5211A0629A60010AE5B /* PBXTargetDependency */ = {
			isa = PBXTargetDependency;
			target = 7435F5051A0629A60010AE5B /* StoreSearch */;
			targetProxy = 7435F5201A0629A60010AE5B /* PBXContainerItemProxy */;
		};
/* End PBXTargetDependency section */

/* Begin PBXVariantGroup section */
		7435F5181A0629A60010AE5B /* LaunchScreen.xib */ = {
			isa = PBXVariantGroup;
			children = (
				7435F5191A0629A60010AE5B /* Base */,
			);
			name = LaunchScreen.xib;
			sourceTree = "<group>";
		};
/* End PBXVariantGroup section */

/* Begin XCBuildConfiguration section */
		7435F5271A0629A60010AE5B /* Debug */ = {
			isa = XCBuildConfiguration;
			buildSettings = {
				ALWAYS_SEARCH_USER_PATHS = NO;
				CLANG_CXX_LANGUAGE_STANDARD = "gnu++0x";
				CLANG_CXX_LIBRARY = "libc++";
				CLANG_ENABLE_MODULES = YES;
				CLANG_ENABLE_OBJC_ARC = YES;
				CLANG_WARN_BOOL_CONVERSION = YES;
				CLANG_WARN_CONSTANT_CONVERSION = YES;
				CLANG_WARN_DIRECT_OBJC_ISA_USAGE = YES_ERROR;
				CLANG_WARN_EMPTY_BODY = YES;
				CLANG_WARN_ENUM_CONVERSION = YES;
				CLANG_WARN_INT_CONVERSION = YES;
				CLANG_WARN_OBJC_ROOT_CLASS = YES_ERROR;
				CLANG_WARN_UNREACHABLE_CODE = YES;
				CLANG_WARN__DUPLICATE_METHOD_MATCH = YES;
				"CODE_SIGN_IDENTITY[sdk=iphoneos*]" = "iPhone Developer";
				COPY_PHASE_STRIP = NO;
				ENABLE_STRICT_OBJC_MSGSEND = YES;
				GCC_C_LANGUAGE_STANDARD = gnu99;
				GCC_DYNAMIC_NO_PIC = NO;
				GCC_OPTIMIZATION_LEVEL = 0;
				GCC_PREPROCESSOR_DEFINITIONS = (
					"DEBUG=1",
					"$(inherited)",
				);
				GCC_SYMBOLS_PRIVATE_EXTERN = NO;
				GCC_WARN_64_TO_32_BIT_CONVERSION = YES;
				GCC_WARN_ABOUT_RETURN_TYPE = YES_ERROR;
				GCC_WARN_UNDECLARED_SELECTOR = YES;
				GCC_WARN_UNINITIALIZED_AUTOS = YES_AGGRESSIVE;
				GCC_WARN_UNUSED_FUNCTION = YES;
				GCC_WARN_UNUSED_VARIABLE = YES;
				IPHONEOS_DEPLOYMENT_TARGET = 8.1;
				MTL_ENABLE_DEBUG_INFO = YES;
				ONLY_ACTIVE_ARCH = YES;
				SDKROOT = iphoneos;
				TARGETED_DEVICE_FAMILY = "1,2";
			};
			name = Debug;
		};
		7435F5281A0629A60010AE5B /* Release */ = {
			isa = XCBuildConfiguration;
			buildSettings = {
				ALWAYS_SEARCH_USER_PATHS = NO;
				CLANG_CXX_LANGUAGE_STANDARD = "gnu++0x";
				CLANG_CXX_LIBRARY = "libc++";
				CLANG_ENABLE_MODULES = YES;
				CLANG_ENABLE_OBJC_ARC = YES;
				CLANG_WARN_BOOL_CONVERSION = YES;
				CLANG_WARN_CONSTANT_CONVERSION = YES;
				CLANG_WARN_DIRECT_OBJC_ISA_USAGE = YES_ERROR;
				CLANG_WARN_EMPTY_BODY = YES;
				CLANG_WARN_ENUM_CONVERSION = YES;
				CLANG_WARN_INT_CONVERSION = YES;
				CLANG_WARN_OBJC_ROOT_CLASS = YES_ERROR;
				CLANG_WARN_UNREACHABLE_CODE = YES;
				CLANG_WARN__DUPLICATE_METHOD_MATCH = YES;
				"CODE_SIGN_IDENTITY[sdk=iphoneos*]" = "iPhone Developer";
				COPY_PHASE_STRIP = YES;
				ENABLE_NS_ASSERTIONS = NO;
				ENABLE_STRICT_OBJC_MSGSEND = YES;
				GCC_C_LANGUAGE_STANDARD = gnu99;
				GCC_WARN_64_TO_32_BIT_CONVERSION = YES;
				GCC_WARN_ABOUT_RETURN_TYPE = YES_ERROR;
				GCC_WARN_UNDECLARED_SELECTOR = YES;
				GCC_WARN_UNINITIALIZED_AUTOS = YES_AGGRESSIVE;
				GCC_WARN_UNUSED_FUNCTION = YES;
				GCC_WARN_UNUSED_VARIABLE = YES;
				IPHONEOS_DEPLOYMENT_TARGET = 8.1;
				MTL_ENABLE_DEBUG_INFO = NO;
				SDKROOT = iphoneos;
				TARGETED_DEVICE_FAMILY = "1,2";
				VALIDATE_PRODUCT = YES;
			};
			name = Release;
		};
		7435F52A1A0629A60010AE5B /* Debug */ = {
			isa = XCBuildConfiguration;
			buildSettings = {
				ASSETCATALOG_COMPILER_APPICON_NAME = AppIcon;
				INFOPLIST_FILE = StoreSearch/Info.plist;
				LD_RUNPATH_SEARCH_PATHS = "$(inherited) @executable_path/Frameworks";
				PRODUCT_NAME = "$(TARGET_NAME)";
			};
			name = Debug;
		};
		7435F52B1A0629A60010AE5B /* Release */ = {
			isa = XCBuildConfiguration;
			buildSettings = {
				ASSETCATALOG_COMPILER_APPICON_NAME = AppIcon;
				INFOPLIST_FILE = StoreSearch/Info.plist;
				LD_RUNPATH_SEARCH_PATHS = "$(inherited) @executable_path/Frameworks";
				PRODUCT_NAME = "$(TARGET_NAME)";
			};
			name = Release;
		};
		7435F52D1A0629A60010AE5B /* Debug */ = {
			isa = XCBuildConfiguration;
			buildSettings = {
				BUNDLE_LOADER = "$(TEST_HOST)";
				FRAMEWORK_SEARCH_PATHS = (
					"$(SDKROOT)/Developer/Library/Frameworks",
					"$(inherited)",
				);
				GCC_PREPROCESSOR_DEFINITIONS = (
					"DEBUG=1",
					"$(inherited)",
				);
				INFOPLIST_FILE = StoreSearchTests/Info.plist;
				LD_RUNPATH_SEARCH_PATHS = "$(inherited) @executable_path/Frameworks @loader_path/Frameworks";
				PRODUCT_NAME = "$(TARGET_NAME)";
				TEST_HOST = "$(BUILT_PRODUCTS_DIR)/StoreSearch.app/StoreSearch";
			};
			name = Debug;
		};
		7435F52E1A0629A60010AE5B /* Release */ = {
			isa = XCBuildConfiguration;
			buildSettings = {
				BUNDLE_LOADER = "$(TEST_HOST)";
				FRAMEWORK_SEARCH_PATHS = (
					"$(SDKROOT)/Developer/Library/Frameworks",
					"$(inherited)",
				);
				INFOPLIST_FILE = StoreSearchTests/Info.plist;
				LD_RUNPATH_SEARCH_PATHS = "$(inherited) @executable_path/Frameworks @loader_path/Frameworks";
				PRODUCT_NAME = "$(TARGET_NAME)";
				TEST_HOST = "$(BUILT_PRODUCTS_DIR)/StoreSearch.app/StoreSearch";
			};
			name = Release;
		};
/* End XCBuildConfiguration section */

/* Begin XCConfigurationList section */
		7435F5011A0629A60010AE5B /* Build configuration list for PBXProject "StoreSearch" */ = {
			isa = XCConfigurationList;
			buildConfigurations = (
				7435F5271A0629A60010AE5B /* Debug */,
				7435F5281A0629A60010AE5B /* Release */,
			);
			defaultConfigurationIsVisible = 0;
			defaultConfigurationName = Release;
		};
		7435F5291A0629A60010AE5B /* Build configuration list for PBXNativeTarget "StoreSearch" */ = {
			isa = XCConfigurationList;
			buildConfigurations = (
				7435F52A1A0629A60010AE5B /* Debug */,
				7435F52B1A0629A60010AE5B /* Release */,
			);
			defaultConfigurationIsVisible = 0;
			defaultConfigurationName = Release;
		};
		7435F52C1A0629A60010AE5B /* Build configuration list for PBXNativeTarget "StoreSearchTests" */ = {
			isa = XCConfigurationList;
			buildConfigurations = (
				7435F52D1A0629A60010AE5B /* Debug */,
				7435F52E1A0629A60010AE5B /* Release */,
			);
			defaultConfigurationIsVisible = 0;
			defaultConfigurationName = Release;
		};
/* End XCConfigurationList section */
	};
	rootObject = 7435F4FE1A0629A60010AE5B /* Project object */;
}
